
Microsoft Visual Studio Solution File, Format Version 12.00
# Visual Studio 14
VisualStudioVersion = 14.0.25420.1
MinimumVisualStudioVersion = 10.0.40219.1
Project("{2150E333-8FDC-42A3-9474-1A3956D46DE8}") = "XProject", "XProject", "{E6B9FA57-40AF-4F5B-AAC1-DAA26CC4E8E5}"
EndProject
Project("{2150E333-8FDC-42A3-9474-1A3956D46DE8}") = "Client", "Client", "{2F93715C-2726-4334-A0F7-30DA8AB063AD}"
EndProject
Project("{2150E333-8FDC-42A3-9474-1A3956D46DE8}") = "Web", "Web", "{DFFE9DDB-8B02-46B8-B3FF-DAC898404A49}"
EndProject
Project("{2150E333-8FDC-42A3-9474-1A3956D46DE8}") = "Win", "Win", "{1AB026E8-C90D-4FE6-A360-5C2C4D432255}"
EndProject
Project("{2150E333-8FDC-42A3-9474-1A3956D46DE8}") = "Entity", "Entity", "{63C582A3-5DAD-4D06-AD25-B78982A0CC2C}"
EndProject
Project("{2150E333-8FDC-42A3-9474-1A3956D46DE8}") = "Logic", "Logic", "{C57EB89E-2F76-474B-989E-6EF859DFBB24}"
EndProject
Project("{FAE04EC0-301F-11D3-BF4B-00C04F79EFBC}") = "www.star.com", "xProject\Client\Web\www.star.com\www.star.com.csproj", "{6764BDE6-E089-4324-AF1A-D215D36EB68A}"
EndProject
Project("{FAE04EC0-301F-11D3-BF4B-00C04F79EFBC}") = "www.star.com.test", "xProject\Client\Web\www.star.com.test\www.star.com.test.csproj", "{3378346B-FEB9-4A67-96BE-8E7B73E9E68F}"
EndProject
Project("{2150E333-8FDC-42A3-9474-1A3956D46DE8}") = "Foundation", "Foundation", "{23FCBD30-705A-403C-8A4E-5C142859E0AB}"
EndProject
Project("{FAE04EC0-301F-11D3-BF4B-00C04F79EFBC}") = "z.Foundation", "xProject\Foundation\z.Foundation\z.Foundation.csproj", "{866936FE-F516-4394-8A19-A11757E1E2B2}"
EndProject
Project("{FAE04EC0-301F-11D3-BF4B-00C04F79EFBC}") = "z.Foundation.LogicInvoke", "xProject\Foundation\z.Foundation.LogicInvoke\z.Foundation.LogicInvoke.csproj", "{867C810E-1CDC-4663-B7E3-A6C6D951852D}"
EndProject
Project("{FAE04EC0-301F-11D3-BF4B-00C04F79EFBC}") = "com.star.Logic.Passport", "xProject\Logic\com.star.Logic.Passport\com.star.Logic.Passport.csproj", "{E6825A56-62E9-4B05-94FE-9AE0FE8F7D56}"
EndProject
Project("{FAE04EC0-301F-11D3-BF4B-00C04F79EFBC}") = "ServiceCenter", "xProject\Client\Win\ServiceCenter\ServiceCenter.csproj", "{90F0271E-84E4-4717-8190-867B887F193B}"
EndProject
Project("{FAE04EC0-301F-11D3-BF4B-00C04F79EFBC}") = "com.star.Entity.StarDB", "xProject\Entity\com.star.Entity.StarDB\com.star.Entity.StarDB.csproj", "{0F62170D-5923-4AB6-BBDF-8B9DC5588766}"
EndProject
Project("{FAE04EC0-301F-11D3-BF4B-00C04F79EFBC}") = "z.Foundation.Data", "xProject\Foundation\z.Foundation.Data\z.Foundation.Data.csproj", "{37E03FA3-0531-4A3A-9EAF-A0469B20F9F1}"
EndProject
Project("{FAE04EC0-301F-11D3-BF4B-00C04F79EFBC}") = "z.Logic.Base", "xProject\Foundation\z.Logic.Base\z.Logic.Base.csproj", "{AE35D916-2EE9-4A9C-82EA-BD6F1CCAEEDD}"
EndProject
Project("{FAE04EC0-301F-11D3-BF4B-00C04F79EFBC}") = "z.AdminCenter.Entity", "xProject\Foundation\z.AdminCenter.Entity\z.AdminCenter.Entity.csproj", "{5EB1258E-138B-452C-9FE9-F6C184C6957C}"
EndProject
Project("{FAE04EC0-301F-11D3-BF4B-00C04F79EFBC}") = "z.AdminCenter.Logic", "xProject\Foundation\z.AdminCenter.Logic\z.AdminCenter.Logic.csproj", "{DCA912E4-6337-4190-AAF6-6F47A79C60A0}"
EndProject
Project("{FAE04EC0-301F-11D3-BF4B-00C04F79EFBC}") = "z.AdminCenter.WebForm.Driver", "xProject\Foundation\z.AdminCenter.WebForm.Driver\z.AdminCenter.WebForm.Driver.csproj", "{D327771E-BE5B-4F13-8BBA-E0C112C12E6E}"
EndProject
Project("{FAE04EC0-301F-11D3-BF4B-00C04F79EFBC}") = "z.ApiCenter.Entity", "xProject\Foundation\z.ApiCenter.Entity\z.ApiCenter.Entity.csproj", "{688BBC5A-81E8-41B9-9157-8A24F80F0CE0}"
EndProject
Project("{FAE04EC0-301F-11D3-BF4B-00C04F79EFBC}") = "z.ApiCenter.Logic", "xProject\Foundation\z.ApiCenter.Logic\z.ApiCenter.Logic.csproj", "{878E7E32-9A9D-414A-AE1C-4C2F07E41640}"
EndProject
Project("{FAE04EC0-301F-11D3-BF4B-00C04F79EFBC}") = "z.AdminCenter.MVC.Driver", "xProject\Foundation\z.AdminCenter.MVC.Driver\z.AdminCenter.MVC.Driver.csproj", "{3D03CFC1-7A5D-4CD9-AD04-6AE1F685B078}"
EndProject
Project("{FAE04EC0-301F-11D3-BF4B-00C04F79EFBC}") = "com.star.Logic.Search", "xProject\Logic\com.star.Logic.Search\com.star.Logic.Search.csproj", "{A3512CB4-38B9-47C1-AD1D-6D2E66E70CF1}"
EndProject
Project("{2150E333-8FDC-42A3-9474-1A3956D46DE8}") = "Lucene.Net", "Lucene.Net", "{52CFCB97-A69A-4438-89BF-83F85A9667F2}"
EndProject
Project("{2150E333-8FDC-42A3-9474-1A3956D46DE8}") = "Lucene", "Lucene", "{99CC9EF8-EAA3-4E0C-8CF9-4F0722449703}"
EndProject
Project("{2150E333-8FDC-42A3-9474-1A3956D46DE8}") = "PanGu", "PanGu", "{C5CD43F1-75ED-4C49-81F3-FC124C383E55}"
EndProject
Project("{FAE04EC0-301F-11D3-BF4B-00C04F79EFBC}") = "z.Lucene.Net.Contrib.SpellChecker", "xProject\Foundation\Lucene.Net\Lucene\z.Lucene.Net.Contrib.SpellChecker\z.Lucene.Net.Contrib.SpellChecker.csproj", "{FF45EE91-9CA3-443D-8231-75E9FA1AF40E}"
EndProject
Project("{FAE04EC0-301F-11D3-BF4B-00C04F79EFBC}") = "z.Lucene.Net", "xProject\Foundation\Lucene.Net\Lucene\z.Lucene.Net\z.Lucene.Net.csproj", "{5D4AD9BE-1FFB-41AB-9943-25737971BF57}"
EndProject
Project("{FAE04EC0-301F-11D3-BF4B-00C04F79EFBC}") = "z.PanGu.Lucene.Analyzer", "xProject\Foundation\Lucene.Net\Lucene\PanGu.Lucene.Analyzer\z.PanGu.Lucene.Analyzer.csproj", "{5A6AFB41-632D-46C0-B1AB-EB8B10C70A2A}"
EndProject
Project("{FAE04EC0-301F-11D3-BF4B-00C04F79EFBC}") = "z.PanGu", "xProject\Foundation\Lucene.Net\PanGu\z.PanGu\z.PanGu.csproj", "{091E1C60-F77B-45A1-844C-86C5F508B57B}"
EndProject
Project("{FAE04EC0-301F-11D3-BF4B-00C04F79EFBC}") = "z.PanGu.HighLight", "xProject\Foundation\Lucene.Net\PanGu\z.PanGu.HighLight\z.PanGu.HighLight.csproj", "{49ADDF91-A6AD-4659-BCC9-C34E3596AC89}"
EndProject
Project("{2150E333-8FDC-42A3-9474-1A3956D46DE8}") = "MicroApplication", "MicroApplication", "{082FD641-E2ED-4270-9F15-ECB5D0301DF9}"
EndProject
Project("{FAE04EC0-301F-11D3-BF4B-00C04F79EFBC}") = "TestLucene", "xProject\Client\Win\MicroApplication\TestLucene\TestLucene.csproj", "{92828B72-9BDA-40A7-8D44-AF79CB2C3292}"
EndProject
Project("{FAE04EC0-301F-11D3-BF4B-00C04F79EFBC}") = "MultiThreadTest", "xProject\Client\Win\MicroApplication\MultiThreadTest\MultiThreadTest.csproj", "{137E8549-E1DE-4A32-B1A1-65A5281012B4}"
EndProject
Global
	GlobalSection(SolutionConfigurationPlatforms) = preSolution
		Debug|Any CPU = Debug|Any CPU
		Debug35|Any CPU = Debug35|Any CPU
		Release|Any CPU = Release|Any CPU
		Release35|Any CPU = Release35|Any CPU
	EndGlobalSection
	GlobalSection(ProjectConfigurationPlatforms) = postSolution
		{6764BDE6-E089-4324-AF1A-D215D36EB68A}.Debug|Any CPU.ActiveCfg = Debug|Any CPU
		{6764BDE6-E089-4324-AF1A-D215D36EB68A}.Debug|Any CPU.Build.0 = Debug|Any CPU
		{6764BDE6-E089-4324-AF1A-D215D36EB68A}.Debug35|Any CPU.ActiveCfg = Debug|Any CPU
		{6764BDE6-E089-4324-AF1A-D215D36EB68A}.Debug35|Any CPU.Build.0 = Debug|Any CPU
		{6764BDE6-E089-4324-AF1A-D215D36EB68A}.Release|Any CPU.ActiveCfg = Release|Any CPU
		{6764BDE6-E089-4324-AF1A-D215D36EB68A}.Release|Any CPU.Build.0 = Release|Any CPU
		{6764BDE6-E089-4324-AF1A-D215D36EB68A}.Release35|Any CPU.ActiveCfg = Release|Any CPU
		{6764BDE6-E089-4324-AF1A-D215D36EB68A}.Release35|Any CPU.Build.0 = Release|Any CPU
		{3378346B-FEB9-4A67-96BE-8E7B73E9E68F}.Debug|Any CPU.ActiveCfg = Debug|Any CPU
		{3378346B-FEB9-4A67-96BE-8E7B73E9E68F}.Debug|Any CPU.Build.0 = Debug|Any CPU
		{3378346B-FEB9-4A67-96BE-8E7B73E9E68F}.Debug35|Any CPU.ActiveCfg = Debug|Any CPU
		{3378346B-FEB9-4A67-96BE-8E7B73E9E68F}.Debug35|Any CPU.Build.0 = Debug|Any CPU
		{3378346B-FEB9-4A67-96BE-8E7B73E9E68F}.Release|Any CPU.ActiveCfg = Release|Any CPU
		{3378346B-FEB9-4A67-96BE-8E7B73E9E68F}.Release|Any CPU.Build.0 = Release|Any CPU
		{3378346B-FEB9-4A67-96BE-8E7B73E9E68F}.Release35|Any CPU.ActiveCfg = Release|Any CPU
		{3378346B-FEB9-4A67-96BE-8E7B73E9E68F}.Release35|Any CPU.Build.0 = Release|Any CPU
		{866936FE-F516-4394-8A19-A11757E1E2B2}.Debug|Any CPU.ActiveCfg = Debug|Any CPU
		{866936FE-F516-4394-8A19-A11757E1E2B2}.Debug|Any CPU.Build.0 = Debug|Any CPU
		{866936FE-F516-4394-8A19-A11757E1E2B2}.Debug35|Any CPU.ActiveCfg = Debug|Any CPU
		{866936FE-F516-4394-8A19-A11757E1E2B2}.Debug35|Any CPU.Build.0 = Debug|Any CPU
		{866936FE-F516-4394-8A19-A11757E1E2B2}.Release|Any CPU.ActiveCfg = Release|Any CPU
		{866936FE-F516-4394-8A19-A11757E1E2B2}.Release|Any CPU.Build.0 = Release|Any CPU
		{866936FE-F516-4394-8A19-A11757E1E2B2}.Release35|Any CPU.ActiveCfg = Release|Any CPU
		{866936FE-F516-4394-8A19-A11757E1E2B2}.Release35|Any CPU.Build.0 = Release|Any CPU
		{867C810E-1CDC-4663-B7E3-A6C6D951852D}.Debug|Any CPU.ActiveCfg = Debug|Any CPU
		{867C810E-1CDC-4663-B7E3-A6C6D951852D}.Debug|Any CPU.Build.0 = Debug|Any CPU
		{867C810E-1CDC-4663-B7E3-A6C6D951852D}.Debug35|Any CPU.ActiveCfg = Debug|Any CPU
		{867C810E-1CDC-4663-B7E3-A6C6D951852D}.Debug35|Any CPU.Build.0 = Debug|Any CPU
		{867C810E-1CDC-4663-B7E3-A6C6D951852D}.Release|Any CPU.ActiveCfg = Release|Any CPU
		{867C810E-1CDC-4663-B7E3-A6C6D951852D}.Release|Any CPU.Build.0 = Release|Any CPU
		{867C810E-1CDC-4663-B7E3-A6C6D951852D}.Release35|Any CPU.ActiveCfg = Release|Any CPU
		{867C810E-1CDC-4663-B7E3-A6C6D951852D}.Release35|Any CPU.Build.0 = Release|Any CPU
		{E6825A56-62E9-4B05-94FE-9AE0FE8F7D56}.Debug|Any CPU.ActiveCfg = Debug|Any CPU
		{E6825A56-62E9-4B05-94FE-9AE0FE8F7D56}.Debug|Any CPU.Build.0 = Debug|Any CPU
		{E6825A56-62E9-4B05-94FE-9AE0FE8F7D56}.Debug35|Any CPU.ActiveCfg = Debug|Any CPU
		{E6825A56-62E9-4B05-94FE-9AE0FE8F7D56}.Debug35|Any CPU.Build.0 = Debug|Any CPU
		{E6825A56-62E9-4B05-94FE-9AE0FE8F7D56}.Release|Any CPU.ActiveCfg = Release|Any CPU
		{E6825A56-62E9-4B05-94FE-9AE0FE8F7D56}.Release|Any CPU.Build.0 = Release|Any CPU
		{E6825A56-62E9-4B05-94FE-9AE0FE8F7D56}.Release35|Any CPU.ActiveCfg = Release|Any CPU
		{E6825A56-62E9-4B05-94FE-9AE0FE8F7D56}.Release35|Any CPU.Build.0 = Release|Any CPU
		{90F0271E-84E4-4717-8190-867B887F193B}.Debug|Any CPU.ActiveCfg = Debug|Any CPU
		{90F0271E-84E4-4717-8190-867B887F193B}.Debug|Any CPU.Build.0 = Debug|Any CPU
		{90F0271E-84E4-4717-8190-867B887F193B}.Debug35|Any CPU.ActiveCfg = Debug|Any CPU
		{90F0271E-84E4-4717-8190-867B887F193B}.Debug35|Any CPU.Build.0 = Debug|Any CPU
		{90F0271E-84E4-4717-8190-867B887F193B}.Release|Any CPU.ActiveCfg = Release|Any CPU
		{90F0271E-84E4-4717-8190-867B887F193B}.Release|Any CPU.Build.0 = Release|Any CPU
		{90F0271E-84E4-4717-8190-867B887F193B}.Release35|Any CPU.ActiveCfg = Release|Any CPU
		{90F0271E-84E4-4717-8190-867B887F193B}.Release35|Any CPU.Build.0 = Release|Any CPU
		{0F62170D-5923-4AB6-BBDF-8B9DC5588766}.Debug|Any CPU.ActiveCfg = Debug|Any CPU
		{0F62170D-5923-4AB6-BBDF-8B9DC5588766}.Debug|Any CPU.Build.0 = Debug|Any CPU
		{0F62170D-5923-4AB6-BBDF-8B9DC5588766}.Debug35|Any CPU.ActiveCfg = Debug|Any CPU
		{0F62170D-5923-4AB6-BBDF-8B9DC5588766}.Debug35|Any CPU.Build.0 = Debug|Any CPU
		{0F62170D-5923-4AB6-BBDF-8B9DC5588766}.Release|Any CPU.ActiveCfg = Release|Any CPU
		{0F62170D-5923-4AB6-BBDF-8B9DC5588766}.Release|Any CPU.Build.0 = Release|Any CPU
		{0F62170D-5923-4AB6-BBDF-8B9DC5588766}.Release35|Any CPU.ActiveCfg = Release|Any CPU
		{0F62170D-5923-4AB6-BBDF-8B9DC5588766}.Release35|Any CPU.Build.0 = Release|Any CPU
		{37E03FA3-0531-4A3A-9EAF-A0469B20F9F1}.Debug|Any CPU.ActiveCfg = Debug|Any CPU
		{37E03FA3-0531-4A3A-9EAF-A0469B20F9F1}.Debug|Any CPU.Build.0 = Debug|Any CPU
		{37E03FA3-0531-4A3A-9EAF-A0469B20F9F1}.Debug35|Any CPU.ActiveCfg = Debug|Any CPU
		{37E03FA3-0531-4A3A-9EAF-A0469B20F9F1}.Debug35|Any CPU.Build.0 = Debug|Any CPU
		{37E03FA3-0531-4A3A-9EAF-A0469B20F9F1}.Release|Any CPU.ActiveCfg = Release|Any CPU
		{37E03FA3-0531-4A3A-9EAF-A0469B20F9F1}.Release|Any CPU.Build.0 = Release|Any CPU
		{37E03FA3-0531-4A3A-9EAF-A0469B20F9F1}.Release35|Any CPU.ActiveCfg = Release|Any CPU
		{37E03FA3-0531-4A3A-9EAF-A0469B20F9F1}.Release35|Any CPU.Build.0 = Release|Any CPU
		{AE35D916-2EE9-4A9C-82EA-BD6F1CCAEEDD}.Debug|Any CPU.ActiveCfg = Debug|Any CPU
		{AE35D916-2EE9-4A9C-82EA-BD6F1CCAEEDD}.Debug|Any CPU.Build.0 = Debug|Any CPU
		{AE35D916-2EE9-4A9C-82EA-BD6F1CCAEEDD}.Debug35|Any CPU.ActiveCfg = Debug|Any CPU
		{AE35D916-2EE9-4A9C-82EA-BD6F1CCAEEDD}.Debug35|Any CPU.Build.0 = Debug|Any CPU
		{AE35D916-2EE9-4A9C-82EA-BD6F1CCAEEDD}.Release|Any CPU.ActiveCfg = Release|Any CPU
		{AE35D916-2EE9-4A9C-82EA-BD6F1CCAEEDD}.Release|Any CPU.Build.0 = Release|Any CPU
		{AE35D916-2EE9-4A9C-82EA-BD6F1CCAEEDD}.Release35|Any CPU.ActiveCfg = Release|Any CPU
		{AE35D916-2EE9-4A9C-82EA-BD6F1CCAEEDD}.Release35|Any CPU.Build.0 = Release|Any CPU
		{5EB1258E-138B-452C-9FE9-F6C184C6957C}.Debug|Any CPU.ActiveCfg = Debug|Any CPU
		{5EB1258E-138B-452C-9FE9-F6C184C6957C}.Debug|Any CPU.Build.0 = Debug|Any CPU
		{5EB1258E-138B-452C-9FE9-F6C184C6957C}.Debug35|Any CPU.ActiveCfg = Debug|Any CPU
		{5EB1258E-138B-452C-9FE9-F6C184C6957C}.Debug35|Any CPU.Build.0 = Debug|Any CPU
		{5EB1258E-138B-452C-9FE9-F6C184C6957C}.Release|Any CPU.ActiveCfg = Release|Any CPU
		{5EB1258E-138B-452C-9FE9-F6C184C6957C}.Release|Any CPU.Build.0 = Release|Any CPU
		{5EB1258E-138B-452C-9FE9-F6C184C6957C}.Release35|Any CPU.ActiveCfg = Release|Any CPU
		{5EB1258E-138B-452C-9FE9-F6C184C6957C}.Release35|Any CPU.Build.0 = Release|Any CPU
		{DCA912E4-6337-4190-AAF6-6F47A79C60A0}.Debug|Any CPU.ActiveCfg = Debug|Any CPU
		{DCA912E4-6337-4190-AAF6-6F47A79C60A0}.Debug|Any CPU.Build.0 = Debug|Any CPU
		{DCA912E4-6337-4190-AAF6-6F47A79C60A0}.Debug35|Any CPU.ActiveCfg = Debug|Any CPU
		{DCA912E4-6337-4190-AAF6-6F47A79C60A0}.Debug35|Any CPU.Build.0 = Debug|Any CPU
		{DCA912E4-6337-4190-AAF6-6F47A79C60A0}.Release|Any CPU.ActiveCfg = Release|Any CPU
		{DCA912E4-6337-4190-AAF6-6F47A79C60A0}.Release|Any CPU.Build.0 = Release|Any CPU
		{DCA912E4-6337-4190-AAF6-6F47A79C60A0}.Release35|Any CPU.ActiveCfg = Release|Any CPU
		{DCA912E4-6337-4190-AAF6-6F47A79C60A0}.Release35|Any CPU.Build.0 = Release|Any CPU
		{D327771E-BE5B-4F13-8BBA-E0C112C12E6E}.Debug|Any CPU.ActiveCfg = Debug|Any CPU
		{D327771E-BE5B-4F13-8BBA-E0C112C12E6E}.Debug|Any CPU.Build.0 = Debug|Any CPU
		{D327771E-BE5B-4F13-8BBA-E0C112C12E6E}.Debug35|Any CPU.ActiveCfg = Debug|Any CPU
		{D327771E-BE5B-4F13-8BBA-E0C112C12E6E}.Debug35|Any CPU.Build.0 = Debug|Any CPU
		{D327771E-BE5B-4F13-8BBA-E0C112C12E6E}.Release|Any CPU.ActiveCfg = Release|Any CPU
		{D327771E-BE5B-4F13-8BBA-E0C112C12E6E}.Release|Any CPU.Build.0 = Release|Any CPU
		{D327771E-BE5B-4F13-8BBA-E0C112C12E6E}.Release35|Any CPU.ActiveCfg = Release|Any CPU
		{D327771E-BE5B-4F13-8BBA-E0C112C12E6E}.Release35|Any CPU.Build.0 = Release|Any CPU
		{688BBC5A-81E8-41B9-9157-8A24F80F0CE0}.Debug|Any CPU.ActiveCfg = Debug|Any CPU
		{688BBC5A-81E8-41B9-9157-8A24F80F0CE0}.Debug|Any CPU.Build.0 = Debug|Any CPU
		{688BBC5A-81E8-41B9-9157-8A24F80F0CE0}.Debug35|Any CPU.ActiveCfg = Debug|Any CPU
		{688BBC5A-81E8-41B9-9157-8A24F80F0CE0}.Debug35|Any CPU.Build.0 = Debug|Any CPU
		{688BBC5A-81E8-41B9-9157-8A24F80F0CE0}.Release|Any CPU.ActiveCfg = Release|Any CPU
		{688BBC5A-81E8-41B9-9157-8A24F80F0CE0}.Release|Any CPU.Build.0 = Release|Any CPU
		{688BBC5A-81E8-41B9-9157-8A24F80F0CE0}.Release35|Any CPU.ActiveCfg = Release|Any CPU
		{688BBC5A-81E8-41B9-9157-8A24F80F0CE0}.Release35|Any CPU.Build.0 = Release|Any CPU
		{878E7E32-9A9D-414A-AE1C-4C2F07E41640}.Debug|Any CPU.ActiveCfg = Debug|Any CPU
		{878E7E32-9A9D-414A-AE1C-4C2F07E41640}.Debug|Any CPU.Build.0 = Debug|Any CPU
		{878E7E32-9A9D-414A-AE1C-4C2F07E41640}.Debug35|Any CPU.ActiveCfg = Debug|Any CPU
		{878E7E32-9A9D-414A-AE1C-4C2F07E41640}.Debug35|Any CPU.Build.0 = Debug|Any CPU
		{878E7E32-9A9D-414A-AE1C-4C2F07E41640}.Release|Any CPU.ActiveCfg = Release|Any CPU
		{878E7E32-9A9D-414A-AE1C-4C2F07E41640}.Release|Any CPU.Build.0 = Release|Any CPU
		{878E7E32-9A9D-414A-AE1C-4C2F07E41640}.Release35|Any CPU.ActiveCfg = Release|Any CPU
		{878E7E32-9A9D-414A-AE1C-4C2F07E41640}.Release35|Any CPU.Build.0 = Release|Any CPU
		{3D03CFC1-7A5D-4CD9-AD04-6AE1F685B078}.Debug|Any CPU.ActiveCfg = Debug|Any CPU
		{3D03CFC1-7A5D-4CD9-AD04-6AE1F685B078}.Debug|Any CPU.Build.0 = Debug|Any CPU
		{3D03CFC1-7A5D-4CD9-AD04-6AE1F685B078}.Debug35|Any CPU.ActiveCfg = Debug|Any CPU
		{3D03CFC1-7A5D-4CD9-AD04-6AE1F685B078}.Debug35|Any CPU.Build.0 = Debug|Any CPU
		{3D03CFC1-7A5D-4CD9-AD04-6AE1F685B078}.Release|Any CPU.ActiveCfg = Release|Any CPU
		{3D03CFC1-7A5D-4CD9-AD04-6AE1F685B078}.Release|Any CPU.Build.0 = Release|Any CPU
		{3D03CFC1-7A5D-4CD9-AD04-6AE1F685B078}.Release35|Any CPU.ActiveCfg = Release|Any CPU
		{3D03CFC1-7A5D-4CD9-AD04-6AE1F685B078}.Release35|Any CPU.Build.0 = Release|Any CPU
		{A3512CB4-38B9-47C1-AD1D-6D2E66E70CF1}.Debug|Any CPU.ActiveCfg = Debug|Any CPU
		{A3512CB4-38B9-47C1-AD1D-6D2E66E70CF1}.Debug|Any CPU.Build.0 = Debug|Any CPU
		{A3512CB4-38B9-47C1-AD1D-6D2E66E70CF1}.Debug35|Any CPU.ActiveCfg = Debug|Any CPU
		{A3512CB4-38B9-47C1-AD1D-6D2E66E70CF1}.Debug35|Any CPU.Build.0 = Debug|Any CPU
		{A3512CB4-38B9-47C1-AD1D-6D2E66E70CF1}.Release|Any CPU.ActiveCfg = Release|Any CPU
		{A3512CB4-38B9-47C1-AD1D-6D2E66E70CF1}.Release|Any CPU.Build.0 = Release|Any CPU
		{A3512CB4-38B9-47C1-AD1D-6D2E66E70CF1}.Release35|Any CPU.ActiveCfg = Release|Any CPU
		{A3512CB4-38B9-47C1-AD1D-6D2E66E70CF1}.Release35|Any CPU.Build.0 = Release|Any CPU
		{FF45EE91-9CA3-443D-8231-75E9FA1AF40E}.Debug|Any CPU.ActiveCfg = Debug|Any CPU
		{FF45EE91-9CA3-443D-8231-75E9FA1AF40E}.Debug|Any CPU.Build.0 = Debug|Any CPU
		{FF45EE91-9CA3-443D-8231-75E9FA1AF40E}.Debug35|Any CPU.ActiveCfg = Debug35|Any CPU
		{FF45EE91-9CA3-443D-8231-75E9FA1AF40E}.Debug35|Any CPU.Build.0 = Debug35|Any CPU
		{FF45EE91-9CA3-443D-8231-75E9FA1AF40E}.Release|Any CPU.ActiveCfg = Release|Any CPU
		{FF45EE91-9CA3-443D-8231-75E9FA1AF40E}.Release|Any CPU.Build.0 = Release|Any CPU
		{FF45EE91-9CA3-443D-8231-75E9FA1AF40E}.Release35|Any CPU.ActiveCfg = Release35|Any CPU
		{FF45EE91-9CA3-443D-8231-75E9FA1AF40E}.Release35|Any CPU.Build.0 = Release35|Any CPU
		{5D4AD9BE-1FFB-41AB-9943-25737971BF57}.Debug|Any CPU.ActiveCfg = Debug|Any CPU
		{5D4AD9BE-1FFB-41AB-9943-25737971BF57}.Debug|Any CPU.Build.0 = Debug|Any CPU
		{5D4AD9BE-1FFB-41AB-9943-25737971BF57}.Debug35|Any CPU.ActiveCfg = Debug35|Any CPU
		{5D4AD9BE-1FFB-41AB-9943-25737971BF57}.Debug35|Any CPU.Build.0 = Debug35|Any CPU
		{5D4AD9BE-1FFB-41AB-9943-25737971BF57}.Release|Any CPU.ActiveCfg = Release|Any CPU
		{5D4AD9BE-1FFB-41AB-9943-25737971BF57}.Release|Any CPU.Build.0 = Release|Any CPU
		{5D4AD9BE-1FFB-41AB-9943-25737971BF57}.Release35|Any CPU.ActiveCfg = Release35|Any CPU
		{5D4AD9BE-1FFB-41AB-9943-25737971BF57}.Release35|Any CPU.Build.0 = Release35|Any CPU
		{5A6AFB41-632D-46C0-B1AB-EB8B10C70A2A}.Debug|Any CPU.ActiveCfg = Debug|Any CPU
		{5A6AFB41-632D-46C0-B1AB-EB8B10C70A2A}.Debug|Any CPU.Build.0 = Debug|Any CPU
		{5A6AFB41-632D-46C0-B1AB-EB8B10C70A2A}.Debug35|Any CPU.ActiveCfg = Debug|Any CPU
		{5A6AFB41-632D-46C0-B1AB-EB8B10C70A2A}.Debug35|Any CPU.Build.0 = Debug|Any CPU
		{5A6AFB41-632D-46C0-B1AB-EB8B10C70A2A}.Release|Any CPU.ActiveCfg = Release|Any CPU
		{5A6AFB41-632D-46C0-B1AB-EB8B10C70A2A}.Release|Any CPU.Build.0 = Release|Any CPU
		{5A6AFB41-632D-46C0-B1AB-EB8B10C70A2A}.Release35|Any CPU.ActiveCfg = Release|Any CPU
		{5A6AFB41-632D-46C0-B1AB-EB8B10C70A2A}.Release35|Any CPU.Build.0 = Release|Any CPU
		{091E1C60-F77B-45A1-844C-86C5F508B57B}.Debug|Any CPU.ActiveCfg = Debug|Any CPU
		{091E1C60-F77B-45A1-844C-86C5F508B57B}.Debug|Any CPU.Build.0 = Debug|Any CPU
		{091E1C60-F77B-45A1-844C-86C5F508B57B}.Debug35|Any CPU.ActiveCfg = Debug|Any CPU
		{091E1C60-F77B-45A1-844C-86C5F508B57B}.Debug35|Any CPU.Build.0 = Debug|Any CPU
		{091E1C60-F77B-45A1-844C-86C5F508B57B}.Release|Any CPU.ActiveCfg = Release|Any CPU
		{091E1C60-F77B-45A1-844C-86C5F508B57B}.Release|Any CPU.Build.0 = Release|Any CPU
		{091E1C60-F77B-45A1-844C-86C5F508B57B}.Release35|Any CPU.ActiveCfg = Release|Any CPU
		{091E1C60-F77B-45A1-844C-86C5F508B57B}.Release35|Any CPU.Build.0 = Release|Any CPU
		{49ADDF91-A6AD-4659-BCC9-C34E3596AC89}.Debug|Any CPU.ActiveCfg = Debug|Any CPU
		{49ADDF91-A6AD-4659-BCC9-C34E3596AC89}.Debug|Any CPU.Build.0 = Debug|Any CPU
		{49ADDF91-A6AD-4659-BCC9-C34E3596AC89}.Debug35|Any CPU.ActiveCfg = Debug|Any CPU
		{49ADDF91-A6AD-4659-BCC9-C34E3596AC89}.Debug35|Any CPU.Build.0 = Debug|Any CPU
		{49ADDF91-A6AD-4659-BCC9-C34E3596AC89}.Release|Any CPU.ActiveCfg = Release|Any CPU
		{49ADDF91-A6AD-4659-BCC9-C34E3596AC89}.Release|Any CPU.Build.0 = Release|Any CPU
		{49ADDF91-A6AD-4659-BCC9-C34E3596AC89}.Release35|Any CPU.ActiveCfg = Release|Any CPU
		{49ADDF91-A6AD-4659-BCC9-C34E3596AC89}.Release35|Any CPU.Build.0 = Release|Any CPU
		{92828B72-9BDA-40A7-8D44-AF79CB2C3292}.Debug|Any CPU.ActiveCfg = Debug|Any CPU
		{92828B72-9BDA-40A7-8D44-AF79CB2C3292}.Debug|Any CPU.Build.0 = Debug|Any CPU
		{92828B72-9BDA-40A7-8D44-AF79CB2C3292}.Debug35|Any CPU.ActiveCfg = Debug|Any CPU
		{92828B72-9BDA-40A7-8D44-AF79CB2C3292}.Debug35|Any CPU.Build.0 = Debug|Any CPU
		{92828B72-9BDA-40A7-8D44-AF79CB2C3292}.Release|Any CPU.ActiveCfg = Release|Any CPU
		{92828B72-9BDA-40A7-8D44-AF79CB2C3292}.Release|Any CPU.Build.0 = Release|Any CPU
		{92828B72-9BDA-40A7-8D44-AF79CB2C3292}.Release35|Any CPU.ActiveCfg = Release|Any CPU
		{92828B72-9BDA-40A7-8D44-AF79CB2C3292}.Release35|Any CPU.Build.0 = Release|Any CPU
		{137E8549-E1DE-4A32-B1A1-65A5281012B4}.Debug|Any CPU.ActiveCfg = Debug|Any CPU
		{137E8549-E1DE-4A32-B1A1-65A5281012B4}.Debug|Any CPU.Build.0 = Debug|Any CPU
		{137E8549-E1DE-4A32-B1A1-65A5281012B4}.Debug35|Any CPU.ActiveCfg = Debug|Any CPU
		{137E8549-E1DE-4A32-B1A1-65A5281012B4}.Debug35|Any CPU.Build.0 = Debug|Any CPU
		{137E8549-E1DE-4A32-B1A1-65A5281012B4}.Release|Any CPU.ActiveCfg = Release|Any CPU
		{137E8549-E1DE-4A32-B1A1-65A5281012B4}.Release|Any CPU.Build.0 = Release|Any CPU
		{137E8549-E1DE-4A32-B1A1-65A5281012B4}.Release35|Any CPU.ActiveCfg = Release|Any CPU
		{137E8549-E1DE-4A32-B1A1-65A5281012B4}.Release35|Any CPU.Build.0 = Release|Any CPU
	EndGlobalSection
	GlobalSection(SolutionProperties) = preSolution
		HideSolutionNode = FALSE
	EndGlobalSection
	GlobalSection(NestedProjects) = preSolution
		{2F93715C-2726-4334-A0F7-30DA8AB063AD} = {E6B9FA57-40AF-4F5B-AAC1-DAA26CC4E8E5}
		{DFFE9DDB-8B02-46B8-B3FF-DAC898404A49} = {2F93715C-2726-4334-A0F7-30DA8AB063AD}
		{1AB026E8-C90D-4FE6-A360-5C2C4D432255} = {2F93715C-2726-4334-A0F7-30DA8AB063AD}
		{63C582A3-5DAD-4D06-AD25-B78982A0CC2C} = {E6B9FA57-40AF-4F5B-AAC1-DAA26CC4E8E5}
		{C57EB89E-2F76-474B-989E-6EF859DFBB24} = {E6B9FA57-40AF-4F5B-AAC1-DAA26CC4E8E5}
		{6764BDE6-E089-4324-AF1A-D215D36EB68A} = {DFFE9DDB-8B02-46B8-B3FF-DAC898404A49}
		{3378346B-FEB9-4A67-96BE-8E7B73E9E68F} = {DFFE9DDB-8B02-46B8-B3FF-DAC898404A49}
		{23FCBD30-705A-403C-8A4E-5C142859E0AB} = {E6B9FA57-40AF-4F5B-AAC1-DAA26CC4E8E5}
		{866936FE-F516-4394-8A19-A11757E1E2B2} = {23FCBD30-705A-403C-8A4E-5C142859E0AB}
		{867C810E-1CDC-4663-B7E3-A6C6D951852D} = {23FCBD30-705A-403C-8A4E-5C142859E0AB}
		{E6825A56-62E9-4B05-94FE-9AE0FE8F7D56} = {C57EB89E-2F76-474B-989E-6EF859DFBB24}
		{90F0271E-84E4-4717-8190-867B887F193B} = {1AB026E8-C90D-4FE6-A360-5C2C4D432255}
		{0F62170D-5923-4AB6-BBDF-8B9DC5588766} = {63C582A3-5DAD-4D06-AD25-B78982A0CC2C}
		{37E03FA3-0531-4A3A-9EAF-A0469B20F9F1} = {23FCBD30-705A-403C-8A4E-5C142859E0AB}
		{AE35D916-2EE9-4A9C-82EA-BD6F1CCAEEDD} = {23FCBD30-705A-403C-8A4E-5C142859E0AB}
		{5EB1258E-138B-452C-9FE9-F6C184C6957C} = {23FCBD30-705A-403C-8A4E-5C142859E0AB}
		{DCA912E4-6337-4190-AAF6-6F47A79C60A0} = {23FCBD30-705A-403C-8A4E-5C142859E0AB}
		{D327771E-BE5B-4F13-8BBA-E0C112C12E6E} = {23FCBD30-705A-403C-8A4E-5C142859E0AB}
		{688BBC5A-81E8-41B9-9157-8A24F80F0CE0} = {23FCBD30-705A-403C-8A4E-5C142859E0AB}
		{878E7E32-9A9D-414A-AE1C-4C2F07E41640} = {23FCBD30-705A-403C-8A4E-5C142859E0AB}
		{3D03CFC1-7A5D-4CD9-AD04-6AE1F685B078} = {23FCBD30-705A-403C-8A4E-5C142859E0AB}
		{A3512CB4-38B9-47C1-AD1D-6D2E66E70CF1} = {C57EB89E-2F76-474B-989E-6EF859DFBB24}
		{52CFCB97-A69A-4438-89BF-83F85A9667F2} = {23FCBD30-705A-403C-8A4E-5C142859E0AB}
		{99CC9EF8-EAA3-4E0C-8CF9-4F0722449703} = {52CFCB97-A69A-4438-89BF-83F85A9667F2}
		{C5CD43F1-75ED-4C49-81F3-FC124C383E55} = {52CFCB97-A69A-4438-89BF-83F85A9667F2}
		{FF45EE91-9CA3-443D-8231-75E9FA1AF40E} = {99CC9EF8-EAA3-4E0C-8CF9-4F0722449703}
		{5D4AD9BE-1FFB-41AB-9943-25737971BF57} = {99CC9EF8-EAA3-4E0C-8CF9-4F0722449703}
		{5A6AFB41-632D-46C0-B1AB-EB8B10C70A2A} = {99CC9EF8-EAA3-4E0C-8CF9-4F0722449703}
		{091E1C60-F77B-45A1-844C-86C5F508B57B} = {C5CD43F1-75ED-4C49-81F3-FC124C383E55}
		{49ADDF91-A6AD-4659-BCC9-C34E3596AC89} = {C5CD43F1-75ED-4C49-81F3-FC124C383E55}
		{082FD641-E2ED-4270-9F15-ECB5D0301DF9} = {1AB026E8-C90D-4FE6-A360-5C2C4D432255}
		{92828B72-9BDA-40A7-8D44-AF79CB2C3292} = {082FD641-E2ED-4270-9F15-ECB5D0301DF9}
		{137E8549-E1DE-4A32-B1A1-65A5281012B4} = {082FD641-E2ED-4270-9F15-ECB5D0301DF9}
	EndGlobalSection
EndGlobal
