
Microsoft Visual Studio Solution File, Format Version 12.00
# Visual Studio 14
VisualStudioVersion = 14.0.25420.1
MinimumVisualStudioVersion = 10.0.40219.1
Project("{2150E333-8FDC-42A3-9474-1A3956D46DE8}") = "XProject", "XProject", "{E6B9FA57-40AF-4F5B-AAC1-DAA26CC4E8E5}"
EndProject
Project("{2150E333-8FDC-42A3-9474-1A3956D46DE8}") = "Client", "Client", "{2F93715C-2726-4334-A0F7-30DA8AB063AD}"
EndProject
Project("{2150E333-8FDC-42A3-9474-1A3956D46DE8}") = "Web", "Web", "{DFFE9DDB-8B02-46B8-B3FF-DAC898404A49}"
EndProject
Project("{2150E333-8FDC-42A3-9474-1A3956D46DE8}") = "Win", "Win", "{1AB026E8-C90D-4FE6-A360-5C2C4D432255}"
EndProject
Project("{2150E333-8FDC-42A3-9474-1A3956D46DE8}") = "Entity", "Entity", "{63C582A3-5DAD-4D06-AD25-B78982A0CC2C}"
EndProject
Project("{2150E333-8FDC-42A3-9474-1A3956D46DE8}") = "Logic", "Logic", "{C57EB89E-2F76-474B-989E-6EF859DFBB24}"
EndProject
Global
	GlobalSection(SolutionProperties) = preSolution
		HideSolutionNode = FALSE
	EndGlobalSection
	GlobalSection(NestedProjects) = preSolution
		{2F93715C-2726-4334-A0F7-30DA8AB063AD} = {E6B9FA57-40AF-4F5B-AAC1-DAA26CC4E8E5}
		{DFFE9DDB-8B02-46B8-B3FF-DAC898404A49} = {2F93715C-2726-4334-A0F7-30DA8AB063AD}
		{1AB026E8-C90D-4FE6-A360-5C2C4D432255} = {2F93715C-2726-4334-A0F7-30DA8AB063AD}
		{63C582A3-5DAD-4D06-AD25-B78982A0CC2C} = {E6B9FA57-40AF-4F5B-AAC1-DAA26CC4E8E5}
		{C57EB89E-2F76-474B-989E-6EF859DFBB24} = {E6B9FA57-40AF-4F5B-AAC1-DAA26CC4E8E5}
	EndGlobalSection
EndGlobal
